{
  "name": "calci-lib",
  "version": "1.0.0",
  "lockfileVersion": 1,
  "requires": true,
  "dependencies": {
    "calc-percent": {
      "version": "1.0.1",
      "resolved": "https://registry.npmjs.org/calc-percent/-/calc-percent-1.0.1.tgz",
      "integrity": "sha1-+HFsqvcROF159742mYpK+uxJwQU="
    }
  }
}
